{
  "nodes": {
    "app2unit": {
      "flake": false,
      "locked": {
        "lastModified": 1743718468,
        "narHash": "sha256-SJVGMES0tmdAhh2u8IpGAITtSnDrgSfOQbDX9RhOc/M=",
        "owner": "Vladimir-csp",
        "repo": "app2unit",
        "rev": "44b5da8a6f1e5449d3c2a8b63dc54875bb7e10af",
        "type": "github"
      },
      "original": {
        "owner": "Vladimir-csp",
        "repo": "app2unit",
        "type": "github"
      }
    },
    "catppuccin": {
      "inputs": {
        "nixpkgs": "nixpkgs"
      },
      "locked": {
        "lastModified": 1743801669,
        "narHash": "sha256-RxQQQCGqywOPbdNrWGbFyFdcrdrXM4YBHW7vYt13OeI=",
        "owner": "catppuccin",
        "repo": "nix",
        "rev": "07beb389d69a52c4dd5895da9553463c3740a26a",
        "type": "github"
      },
      "original": {
        "owner": "catppuccin",
        "repo": "nix",
        "type": "github"
      }
    },
    "catppuccin-qt5ct": {
      "flake": false,
      "locked": {
        "lastModified": 1743247755,
        "narHash": "sha256-wDj6kQ2LQyMuEvTQP6NifYFdsDLT+fMCe3Fxr8S783w=",
        "owner": "catppuccin",
        "repo": "qt5ct",
        "rev": "cb585307edebccf74b8ae8f66ea14f21e6666535",
        "type": "github"
      },
      "original": {
        "owner": "catppuccin",
        "repo": "qt5ct",
        "type": "github"
      }
    },
    "flake-compat": {
      "flake": false,
      "locked": {
        "lastModified": 1696426674,
        "narHash": "sha256-kvjfFW7WAETZlt09AgDn1MrtKzP7t90Vf7vypd3OL1U=",
        "owner": "edolstra",
        "repo": "flake-compat",
        "rev": "0f9255e01c2351cc7d116c072cb317785dd33b33",
        "type": "github"
      },
      "original": {
        "owner": "edolstra",
        "repo": "flake-compat",
        "type": "github"
      }
    },
    "git-hooks-nix": {
      "inputs": {
        "flake-compat": "flake-compat",
        "gitignore": "gitignore",
        "nixpkgs": [
          "nixpkgs"
        ]
      },
      "locked": {
        "lastModified": 1742649964,
        "narHash": "sha256-DwOTp7nvfi8mRfuL1escHDXabVXFGT1VlPD1JHrtrco=",
        "owner": "cachix",
        "repo": "git-hooks.nix",
        "rev": "dcf5072734cb576d2b0c59b2ac44f5050b5eac82",
        "type": "github"
      },
      "original": {
        "owner": "cachix",
        "repo": "git-hooks.nix",
        "type": "github"
      }
    },
    "gitignore": {
      "inputs": {
        "nixpkgs": [
          "git-hooks-nix",
          "nixpkgs"
        ]
      },
      "locked": {
        "lastModified": 1709087332,
        "narHash": "sha256-HG2cCnktfHsKV0s4XW83gU3F57gaTljL9KNSuG6bnQs=",
        "owner": "hercules-ci",
        "repo": "gitignore.nix",
        "rev": "637db329424fd7e46cf4185293b9cc8c88c95394",
        "type": "github"
      },
      "original": {
        "owner": "hercules-ci",
        "repo": "gitignore.nix",
        "type": "github"
      }
    },
    "home-manager": {
      "inputs": {
        "nixpkgs": [
          "nixpkgs"
        ]
      },
      "locked": {
        "lastModified": 1744316889,
        "narHash": "sha256-qS0BhvsL9J7gt4cOpBZdzT0EqylGPKyKnU9v/6SJvFI=",
        "owner": "nix-community",
        "repo": "home-manager",
        "rev": "543caa313abe45b56520efdaa35d379703f79e3a",
        "type": "github"
      },
      "original": {
        "owner": "nix-community",
        "repo": "home-manager",
        "type": "github"
      }
    },
    "libnbtplusplus": {
      "flake": false,
      "locked": {
        "lastModified": 1699286814,
        "narHash": "sha256-yy0q+bky80LtK1GWzz7qpM+aAGrOqLuewbid8WT1ilk=",
        "owner": "PrismLauncher",
        "repo": "libnbtplusplus",
        "rev": "23b955121b8217c1c348a9ed2483167a6f3ff4ad",
        "type": "github"
      },
      "original": {
        "owner": "PrismLauncher",
        "repo": "libnbtplusplus",
        "type": "github"
      }
    },
    "nixos-hardware": {
      "locked": {
        "lastModified": 1743420942,
        "narHash": "sha256-b/exDDQSLmENZZgbAEI3qi9yHkuXAXCPbormD8CSJXo=",
        "owner": "NixOS",
        "repo": "nixos-hardware",
        "rev": "de6fc5551121c59c01e2a3d45b277a6d05077bc4",
        "type": "github"
      },
      "original": {
        "owner": "NixOS",
        "repo": "nixos-hardware",
        "type": "github"
      }
    },
    "nixpkgs": {
      "locked": {
        "lastModified": 1743583204,
        "narHash": "sha256-F7n4+KOIfWrwoQjXrL2wD9RhFYLs2/GGe/MQY1sSdlE=",
        "owner": "NixOS",
        "repo": "nixpkgs",
        "rev": "2c8d3f48d33929642c1c12cd243df4cc7d2ce434",
        "type": "github"
      },
      "original": {
        "owner": "NixOS",
        "ref": "nixos-unstable",
        "repo": "nixpkgs",
        "type": "github"
      }
    },
    "nixpkgs_2": {
      "locked": {
        "lastModified": 1744098102,
        "narHash": "sha256-tzCdyIJj9AjysC3OuKA+tMD/kDEDAF9mICPDU7ix0JA=",
        "owner": "NixOS",
        "repo": "nixpkgs",
        "rev": "c8cd81426f45942bb2906d5ed2fe21d2f19d95b7",
        "type": "github"
      },
      "original": {
        "owner": "NixOS",
        "ref": "nixos-unstable",
        "repo": "nixpkgs",
        "type": "github"
      }
    },
    "prismlauncher": {
      "inputs": {
        "libnbtplusplus": "libnbtplusplus",
        "nixpkgs": [
          "nixpkgs"
        ]
      },
      "locked": {
        "lastModified": 1744313950,
        "narHash": "sha256-jKQ294J26eVD643uXlxlY+ZxlsZwY3nhtNbT59dNscM=",
        "owner": "PrismLauncher",
        "repo": "PrismLauncher",
        "rev": "c430b666578f9c2250d0814f7ea9d50eed9a2ca3",
        "type": "github"
      },
      "original": {
        "owner": "PrismLauncher",
        "repo": "PrismLauncher",
        "type": "github"
      }
    },
    "root": {
      "inputs": {
        "app2unit": "app2unit",
        "catppuccin": "catppuccin",
        "catppuccin-qt5ct": "catppuccin-qt5ct",
        "git-hooks-nix": "git-hooks-nix",
        "home-manager": "home-manager",
        "nixos-hardware": "nixos-hardware",
        "nixpkgs": "nixpkgs_2",
        "prismlauncher": "prismlauncher",
        "wallpaper": "wallpaper"
      }
    },
    "wallpaper": {
      "flake": false,
      "locked": {
        "lastModified": 1705610687,
        "narHash": "sha256-/tfus7ZqqNbg4DtRw3fVL7Xk1AQJPrhMTJvPC+BDuXg=",
        "owner": "Trial97",
        "repo": "wallpapers",
        "rev": "cea890ec81fe18d565f399ae8571dab987027739",
        "type": "github"
      },
      "original": {
        "owner": "Trial97",
        "repo": "wallpapers",
        "type": "github"
      }
    }
  },
  "root": "root",
  "version": 7
}
