{
  "nodes": {
    "app2unit": {
      "flake": false,
      "locked": {
        "lastModified": 1742325436,
        "narHash": "sha256-Xv2+yKBvl88wAP256R4GGCaeIQzn70MXDJAi0UzSxx8=",
        "owner": "Vladimir-csp",
        "repo": "app2unit",
        "rev": "b9c13a696f5af7518550cad8184fe817650f520d",
        "type": "github"
      },
      "original": {
        "owner": "Vladimir-csp",
        "repo": "app2unit",
        "type": "github"
      }
    },
    "catppuccin": {
      "inputs": {
        "nixpkgs": "nixpkgs"
      },
      "locked": {
        "lastModified": 1742599566,
        "narHash": "sha256-xr6ntmiUPXSh9o9mJ7og9vxALMQs1EQhIhWUAO2D1M0=",
        "owner": "catppuccin",
        "repo": "nix",
        "rev": "5e303e8d7e251868fa79f83bbda69da90aa62402",
        "type": "github"
      },
      "original": {
        "owner": "catppuccin",
        "repo": "nix",
        "type": "github"
      }
    },
    "catppuccin-qt5ct": {
      "flake": false,
      "locked": {
        "lastModified": 1742086295,
        "narHash": "sha256-KjBF94fFvsm8V8LVT6SHCTbx3G8K00AFoKy2zSDy9Lw=",
        "owner": "catppuccin",
        "repo": "qt5ct",
        "rev": "30db56855813e8f47b16d4ec0d732d7a5af5b48b",
        "type": "github"
      },
      "original": {
        "owner": "catppuccin",
        "repo": "qt5ct",
        "type": "github"
      }
    },
    "flake-compat": {
      "flake": false,
      "locked": {
        "lastModified": 1696426674,
        "narHash": "sha256-kvjfFW7WAETZlt09AgDn1MrtKzP7t90Vf7vypd3OL1U=",
        "owner": "edolstra",
        "repo": "flake-compat",
        "rev": "0f9255e01c2351cc7d116c072cb317785dd33b33",
        "type": "github"
      },
      "original": {
        "owner": "edolstra",
        "repo": "flake-compat",
        "type": "github"
      }
    },
    "git-hooks-nix": {
      "inputs": {
        "flake-compat": "flake-compat",
        "gitignore": "gitignore",
        "nixpkgs": [
          "nixpkgs"
        ]
      },
      "locked": {
        "lastModified": 1742649964,
        "narHash": "sha256-DwOTp7nvfi8mRfuL1escHDXabVXFGT1VlPD1JHrtrco=",
        "owner": "cachix",
        "repo": "git-hooks.nix",
        "rev": "dcf5072734cb576d2b0c59b2ac44f5050b5eac82",
        "type": "github"
      },
      "original": {
        "owner": "cachix",
        "repo": "git-hooks.nix",
        "type": "github"
      }
    },
    "gitignore": {
      "inputs": {
        "nixpkgs": [
          "git-hooks-nix",
          "nixpkgs"
        ]
      },
      "locked": {
        "lastModified": 1709087332,
        "narHash": "sha256-HG2cCnktfHsKV0s4XW83gU3F57gaTljL9KNSuG6bnQs=",
        "owner": "hercules-ci",
        "repo": "gitignore.nix",
        "rev": "637db329424fd7e46cf4185293b9cc8c88c95394",
        "type": "github"
      },
      "original": {
        "owner": "hercules-ci",
        "repo": "gitignore.nix",
        "type": "github"
      }
    },
    "home-manager": {
      "inputs": {
        "nixpkgs": [
          "nixpkgs"
        ]
      },
      "locked": {
        "lastModified": 1742926508,
        "narHash": "sha256-wgfY302ZaOsBCXb8aZDTG3Zt2kg3jDDaRrmtUw8nz00=",
        "owner": "nix-community",
        "repo": "home-manager",
        "rev": "8bef8b7a0a95d347018f09b291e2fa0a77abd23f",
        "type": "github"
      },
      "original": {
        "owner": "nix-community",
        "repo": "home-manager",
        "type": "github"
      }
    },
    "libnbtplusplus": {
      "flake": false,
      "locked": {
        "lastModified": 1699286814,
        "narHash": "sha256-yy0q+bky80LtK1GWzz7qpM+aAGrOqLuewbid8WT1ilk=",
        "owner": "PrismLauncher",
        "repo": "libnbtplusplus",
        "rev": "23b955121b8217c1c348a9ed2483167a6f3ff4ad",
        "type": "github"
      },
      "original": {
        "owner": "PrismLauncher",
        "repo": "libnbtplusplus",
        "type": "github"
      }
    },
    "nix-filter": {
      "locked": {
        "lastModified": 1731533336,
        "narHash": "sha256-oRam5PS1vcrr5UPgALW0eo1m/5/pls27Z/pabHNy2Ms=",
        "owner": "numtide",
        "repo": "nix-filter",
        "rev": "f7653272fd234696ae94229839a99b73c9ab7de0",
        "type": "github"
      },
      "original": {
        "owner": "numtide",
        "repo": "nix-filter",
        "type": "github"
      }
    },
    "nixos-hardware": {
      "locked": {
        "lastModified": 1742806253,
        "narHash": "sha256-zvQ4GsCJT6MTOzPKLmlFyM+lxo0JGQ0cSFaZSACmWfY=",
        "owner": "NixOS",
        "repo": "nixos-hardware",
        "rev": "ecaa2d911e77c265c2a5bac8b583c40b0f151726",
        "type": "github"
      },
      "original": {
        "owner": "NixOS",
        "repo": "nixos-hardware",
        "type": "github"
      }
    },
    "nixpkgs": {
      "locked": {
        "lastModified": 1742288794,
        "narHash": "sha256-Txwa5uO+qpQXrNG4eumPSD+hHzzYi/CdaM80M9XRLCo=",
        "owner": "NixOS",
        "repo": "nixpkgs",
        "rev": "b6eaf97c6960d97350c584de1b6dcff03c9daf42",
        "type": "github"
      },
      "original": {
        "owner": "NixOS",
        "ref": "nixos-unstable",
        "repo": "nixpkgs",
        "type": "github"
      }
    },
    "nixpkgs_2": {
      "locked": {
        "lastModified": 1742669843,
        "narHash": "sha256-G5n+FOXLXcRx+3hCJ6Rt6ZQyF1zqQ0DL0sWAMn2Nk0w=",
        "owner": "NixOS",
        "repo": "nixpkgs",
        "rev": "1e5b653dff12029333a6546c11e108ede13052eb",
        "type": "github"
      },
      "original": {
        "owner": "NixOS",
        "ref": "nixos-unstable",
        "repo": "nixpkgs",
        "type": "github"
      }
    },
    "prismlauncher": {
      "inputs": {
        "flake-compat": [],
        "libnbtplusplus": "libnbtplusplus",
        "nix-filter": "nix-filter",
        "nixpkgs": [
          "nixpkgs"
        ]
      },
      "locked": {
        "lastModified": 1742857791,
        "narHash": "sha256-ZHxKqJksV6E7jGq2SDIhDsia6b1qEJ2KpHv65P749CA=",
        "owner": "PrismLauncher",
        "repo": "PrismLauncher",
        "rev": "064383b8fa157881cd6d8426182a94695cadbdba",
        "type": "github"
      },
      "original": {
        "owner": "PrismLauncher",
        "repo": "PrismLauncher",
        "type": "github"
      }
    },
    "root": {
      "inputs": {
        "app2unit": "app2unit",
        "catppuccin": "catppuccin",
        "catppuccin-qt5ct": "catppuccin-qt5ct",
        "git-hooks-nix": "git-hooks-nix",
        "home-manager": "home-manager",
        "nixos-hardware": "nixos-hardware",
        "nixpkgs": "nixpkgs_2",
        "prismlauncher": "prismlauncher",
        "wallpaper": "wallpaper"
      }
    },
    "wallpaper": {
      "flake": false,
      "locked": {
        "lastModified": 1705610687,
        "narHash": "sha256-/tfus7ZqqNbg4DtRw3fVL7Xk1AQJPrhMTJvPC+BDuXg=",
        "owner": "Trial97",
        "repo": "wallpapers",
        "rev": "cea890ec81fe18d565f399ae8571dab987027739",
        "type": "github"
      },
      "original": {
        "owner": "Trial97",
        "repo": "wallpapers",
        "type": "github"
      }
    }
  },
  "root": "root",
  "version": 7
}
